
Microsoft Visual Studio Solution File, Format Version 12.00
# Visual Studio Version 17
VisualStudioVersion = 17.5.002.0
MinimumVisualStudioVersion = 10.0.40219.1
Project("{9A19103F-16F7-4668-BE54-9A1E7A4F7556}") = "PrologMachineQueryInterface", "PrologMachineQueryInterface.csproj", "{E999F570-AAD2-40EE-B188-B37CE0FE68CF}"
EndProject
Global
	GlobalSection(SolutionConfigurationPlatforms) = preSolution
		Debug|Any CPU = Debug|Any CPU
		Release|Any CPU = Release|Any CPU
	EndGlobalSection
	GlobalSection(ProjectConfigurationPlatforms) = postSolution
		{E999F570-AAD2-40EE-B188-B37CE0FE68CF}.Debug|Any CPU.ActiveCfg = Debug|Any CPU
		{E999F570-AAD2-40EE-B188-B37CE0FE68CF}.Debug|Any CPU.Build.0 = Debug|Any CPU
		{E999F570-AAD2-40EE-B188-B37CE0FE68CF}.Release|Any CPU.ActiveCfg = Release|Any CPU
		{E999F570-AAD2-40EE-B188-B37CE0FE68CF}.Release|Any CPU.Build.0 = Release|Any CPU
	EndGlobalSection
	GlobalSection(SolutionProperties) = preSolution
		HideSolutionNode = FALSE
	EndGlobalSection
	GlobalSection(ExtensibilityGlobals) = postSolution
		SolutionGuid = {C52BC58B-D73D-43B6-82EE-7B207E5047F6}
	EndGlobalSection
EndGlobal
